
Microsoft Visual Studio Solution File, Format Version 12.00
# Visual Studio 15
VisualStudioVersion = 15.0.27703.2026
MinimumVisualStudioVersion = 10.0.40219.1
Project("{8BC9CEB8-8B4A-11D0-8D11-00A0C91BC942}") = "Tests", "Tests\Tests.vcxproj", "{A36541E4-544D-4877-84CD-648CD5B9C80C}"
EndProject
Project("{8BC9CEB8-8B4A-11D0-8D11-00A0C91BC942}") = "Source", "Source\Source.vcxproj", "{C2E7490A-BE0C-4BF6-B2E6-1CFBCA4BD853}"
EndProject
Global
	GlobalSection(SolutionConfigurationPlatforms) = preSolution
		Debug|x64 = Debug|x64
		Debug|x86 = Debug|x86
		Release|x64 = Release|x64
		Release|x86 = Release|x86
	EndGlobalSection
	GlobalSection(ProjectConfigurationPlatforms) = postSolution
		{A36541E4-544D-4877-84CD-648CD5B9C80C}.Debug|x64.ActiveCfg = Debug|x64
		{A36541E4-544D-4877-84CD-648CD5B9C80C}.Debug|x64.Build.0 = Debug|x64
		{A36541E4-544D-4877-84CD-648CD5B9C80C}.Debug|x86.ActiveCfg = Debug|Win32
		{A36541E4-544D-4877-84CD-648CD5B9C80C}.Debug|x86.Build.0 = Debug|Win32
		{A36541E4-544D-4877-84CD-648CD5B9C80C}.Release|x64.ActiveCfg = Release|x64
		{A36541E4-544D-4877-84CD-648CD5B9C80C}.Release|x64.Build.0 = Release|x64
		{A36541E4-544D-4877-84CD-648CD5B9C80C}.Release|x86.ActiveCfg = Release|Win32
		{A36541E4-544D-4877-84CD-648CD5B9C80C}.Release|x86.Build.0 = Release|Win32
		{C2E7490A-BE0C-4BF6-B2E6-1CFBCA4BD853}.Debug|x64.ActiveCfg = Debug|x64
		{C2E7490A-BE0C-4BF6-B2E6-1CFBCA4BD853}.Debug|x64.Build.0 = Debug|x64
		{C2E7490A-BE0C-4BF6-B2E6-1CFBCA4BD853}.Debug|x86.ActiveCfg = Debug|Win32
		{C2E7490A-BE0C-4BF6-B2E6-1CFBCA4BD853}.Debug|x86.Build.0 = Debug|Win32
		{C2E7490A-BE0C-4BF6-B2E6-1CFBCA4BD853}.Release|x64.ActiveCfg = Release|x64
		{C2E7490A-BE0C-4BF6-B2E6-1CFBCA4BD853}.Release|x64.Build.0 = Release|x64
		{C2E7490A-BE0C-4BF6-B2E6-1CFBCA4BD853}.Release|x86.ActiveCfg = Release|Win32
		{C2E7490A-BE0C-4BF6-B2E6-1CFBCA4BD853}.Release|x86.Build.0 = Release|Win32
	EndGlobalSection
	GlobalSection(SolutionProperties) = preSolution
		HideSolutionNode = FALSE
	EndGlobalSection
	GlobalSection(ExtensibilityGlobals) = postSolution
		SolutionGuid = {38049B85-6921-4786-99E5-3204BEEE7969}
	EndGlobalSection
EndGlobal
